
Microsoft Visual Studio Solution File, Format Version 12.00
# Visual Studio Version 16
VisualStudioVersion = 16.0.28803.352
MinimumVisualStudioVersion = 10.0.40219.1
Project("{FAE04EC0-301F-11D3-BF4B-00C04F79EFBC}") = "GetOpenDataFromMoz", "GetOpenDataFromMoz.csproj", "{70FF82B6-EE8F-44CC-9A8E-72CBB649BEE5}"
EndProject
Global
	GlobalSection(SolutionConfigurationPlatforms) = preSolution
		Debug|Any CPU = Debug|Any CPU
		Release|Any CPU = Release|Any CPU
	EndGlobalSection
	GlobalSection(ProjectConfigurationPlatforms) = postSolution
		{70FF82B6-EE8F-44CC-9A8E-72CBB649BEE5}.Debug|Any CPU.ActiveCfg = Debug|Any CPU
		{70FF82B6-EE8F-44CC-9A8E-72CBB649BEE5}.Debug|Any CPU.Build.0 = Debug|Any CPU
		{70FF82B6-EE8F-44CC-9A8E-72CBB649BEE5}.Release|Any CPU.ActiveCfg = Release|Any CPU
		{70FF82B6-EE8F-44CC-9A8E-72CBB649BEE5}.Release|Any CPU.Build.0 = Release|Any CPU
	EndGlobalSection
	GlobalSection(SolutionProperties) = preSolution
		HideSolutionNode = FALSE
	EndGlobalSection
	GlobalSection(ExtensibilityGlobals) = postSolution
		SolutionGuid = {E2EACA1B-507D-4206-A94D-20597D23C815}
	EndGlobalSection
EndGlobal
